version = 1
revision = 3
requires-python = ">=3.10"

[[package]]
name = "gpib-ctypes"
version = "0.3.0"
source = { registry = "https://pypi.org/simple/" }
sdist = { url = "https://files.pythonhosted.org/packages/01/be/fa6877f869665e855788d3bb351cfb788fa2207ee7686d1dd5919d441421/gpib_ctypes-0.3.0.tar.gz", hash = "sha256:73d97a4cd98ce0fb5bbe8a679c58b9475750f68dcc237f411c71cf486a9f8c26", size = 31380, upload-time = "2018-12-12T23:33:00.675Z" }
wheels = [
    { url = "https://files.pythonhosted.org/packages/95/fc/37a06f859dfdb3686285845d309c66815019330647a4c4b5d650cdf3c0f5/gpib_ctypes-0.3.0-py2.py3-none-any.whl", hash = "sha256:113bcc95980f7a165ea75ba3d19a1393df3cf27a58af69723e66e746cf32ed51", size = 16855, upload-time = "2018-12-12T23:32:58.936Z" },
]

[[package]]
name = "ifaddr"
version = "0.2.0"
source = { registry = "https://pypi.org/simple/" }
sdist = { url = "https://files.pythonhosted.org/packages/e8/ac/fb4c578f4a3256561548cd825646680edcadb9440f3f68add95ade1eb791/ifaddr-0.2.0.tar.gz", hash = "sha256:cc0cbfcaabf765d44595825fb96a99bb12c79716b73b44330ea38ee2b0c4aed4", size = 10485, upload-time = "2022-06-15T21:40:27.561Z" }
wheels = [
    { url = "https://files.pythonhosted.org/packages/9c/1f/19ebc343cc71a7ffa78f17018535adc5cbdd87afb31d7c34874680148b32/ifaddr-0.2.0-py3-none-any.whl", hash = "sha256:085e0305cfe6f16ab12d72e2024030f5d52674afad6911bb1eee207177b8a748", size = 12314, upload-time = "2022-06-15T21:40:25.756Z" },
]

[[package]]
name = "importlib-resources"
version = "7.1.0"
source = { registry = "https://pypi.org/simple/" }
sdist = { url = "https://files.pythonhosted.org/packages/e4/06/b56dfa750b44e86157093bc8fca0ab81dccbf5260510de4eaf1cb69b5b99/importlib_resources-7.1.0.tar.gz", hash = "sha256:0722d4c6212489c530f2a145a34c0a7a3b4721bc96a15fada5930e2a0b760708", size = 44985, upload-time = "2026-04-12T16:36:09.232Z" }
wheels = [
    { url = "https://files.pythonhosted.org/packages/8a/db/55a262f3606bebcae07cc14095338471ad7c0bbcaa37707e6f0ee49725b7/importlib_resources-7.1.0-py3-none-any.whl", hash = "sha256:1bd7b48b4088eddb2cd16382150bb515af0bd2c70128194392725f82ad2c96a1", size = 37232, upload-time = "2026-04-12T16:36:08.219Z" },
]

[[package]]
name = "libusb-package"
version = "1.0.26.3"
source = { registry = "https://pypi.org/simple/" }
dependencies = [
    { name = "importlib-resources" },
]
wheels = [
    { url = "https://files.pythonhosted.org/packages/aa/27/c989cd606683102170c2dc2e89771a22dc71b9d88c4d20c3a97f6d23a0a1/libusb_package-1.0.26.3-cp310-cp310-macosx_10_9_x86_64.whl", hash = "sha256:2ffa01d1db3ef9e7faa62b03f409cd077232885ae3fab6f95912db78035a41db", size = 63863, upload-time = "2025-04-01T12:59:12.09Z" },
    { url = "https://files.pythonhosted.org/packages/c2/e4/663a37d23b3a47a641f74556bb42c04b26c46b95fb8a65c11421cb0ccb0d/libusb_package-1.0.26.3-cp310-cp310-macosx_11_0_arm64.whl", hash = "sha256:95bbf9872674318a23450cd92053eee01683eeae6b6aa76eba30ee5f37c3765b", size = 59502, upload-time = "2025-04-01T12:59:13.489Z" },
    { url = "https://files.pythonhosted.org/packages/a7/93/c99ea3b13539c501c41e605645693346e08cfcb7747025ee640502f7460d/libusb_package-1.0.26.3-cp310-cp310-manylinux_2_17_aarch64.manylinux2014_aarch64.whl", hash = "sha256:36a1c48779c8763fc6bc0331fda668c93b58d55934236d0393d3ec026875f7cd", size = 70247, upload-time = "2025-04-01T14:53:00.28Z" },
    { url = "https://files.pythonhosted.org/packages/2f/c4/84c7af13453e840ba2e3e9f247c9855035077a7214c1f0f273e1df5a845f/libusb_package-1.0.26.3-cp310-cp310-manylinux_2_17_i686.manylinux2014_i686.whl", hash = "sha256:209efb9a78ac652afc2332b0a63ef2e423202fa3a1bebe5fe3c499e0922afc03", size = 74537, upload-time = "2025-04-01T14:53:01.995Z" },
    { url = "https://files.pythonhosted.org/packages/79/f8/933f70e9a1e05e0d25fb7fb6a5a4512ba7845203b11afc163cfdc98e9b88/libusb_package-1.0.26.3-cp310-cp310-manylinux_2_17_x86_64.manylinux2014_x86_64.whl", hash = "sha256:433e89dd1f9f9a4149b975247cf1d493170454945fec54b4db9fe61c9e6b861f", size = 70652, upload-time = "2025-04-01T14:53:03.346Z" },
    { url = "https://files.pythonhosted.org/packages/ae/96/77f873c2a3a84b93439a973c70ecc53d2b9ae14cb45b4ba710b89d822228/libusb_package-1.0.26.3-cp310-cp310-musllinux_1_2_aarch64.whl", hash = "sha256:7e6fcad72db04b30c8495ac0df6a9b1a4ec8705930bfa2160cc9b018f14101a1", size = 71861, upload-time = "2025-04-01T14:53:04.507Z" },
    { url = "https://files.pythonhosted.org/packages/ba/6e/64f83de4274e4a10ad28a03ff7879d3765c5d7efe0e5c833938318a7de20/libusb_package-1.0.26.3-cp310-cp310-musllinux_1_2_i686.whl", hash = "sha256:65ee502c4999ded1c71e38769b0a89152c1e03e43b0d35919f3e32a8cbc7cd99", size = 76476, upload-time = "2025-04-01T14:53:05.511Z" },
    { url = "https://files.pythonhosted.org/packages/ad/56/3792e6a41776d85a4113e75c256879355261b5dd1ed22eb55fd8bc924125/libusb_package-1.0.26.3-cp310-cp310-musllinux_1_2_x86_64.whl", hash = "sha256:1f6d012df4942c91e6833dd251bd90c1242496a30c81020e43b98df85c66fa30", size = 71037, upload-time = "2025-04-01T14:53:06.642Z" },
    { url = "https://files.pythonhosted.org/packages/ce/f2/99091fdc38e916cc9e254912d1131496ac56ab82506548f6e1fc2eea8429/libusb_package-1.0.26.3-cp310-cp310-win32.whl", hash = "sha256:55c3988f622745a4874ac4face117da19969b82d51250e5334cd176f516bcb57", size = 77642, upload-time = "2025-04-01T12:58:00.114Z" },
    { url = "https://files.pythonhosted.org/packages/c1/9a/7bc9f60e563e535bf80b125d0d7541ad07ecb0160965d48cb8b6dccc2cf6/libusb_package-1.0.26.3-cp310-cp310-win_amd64.whl", hash = "sha256:ba5e87e70833e5fff977d7bf12b7107df427ee21a8021d59520e1fdf14a32368", size = 90594, upload-time = "2025-04-01T12:58:01.799Z" },
    { url = "https://files.pythonhosted.org/packages/c6/bf/3fe9d322e2dcd0437ae2bd6a039117965702ed473ca59d2d6a1c39838009/libusb_package-1.0.26.3-cp311-cp311-macosx_10_9_x86_64.whl", hash = "sha256:60e15d7d3e4aab31794da95641bc28c4ffec9e24f50891ce33f75794b8f531f3", size = 63864, upload-time = "2025-04-01T12:59:14.567Z" },
    { url = "https://files.pythonhosted.org/packages/bc/70/df0348c11e6aaead4a66cc59840e102ddf64baf8e4b2c1ad5cff1ca83554/libusb_package-1.0.26.3-cp311-cp311-macosx_11_0_arm64.whl", hash = "sha256:4d93a6137609cf72dc5db69bc337ddf96520231e395beeff69fa77a923090003", size = 59502, upload-time = "2025-04-01T12:59:15.863Z" },
    { url = "https://files.pythonhosted.org/packages/27/67/6c84eebc9fcdf7f26704b5d32b51b3ee5bf4e9090d61286941257bdc8702/libusb_package-1.0.26.3-cp311-cp311-manylinux_2_17_aarch64.manylinux2014_aarch64.whl", hash = "sha256:fafb69c5fd42b241fbd20493d014328c507d34e1b7ceb883a20ef14565b26898", size = 70247, upload-time = "2025-04-01T14:53:07.606Z" },
    { url = "https://files.pythonhosted.org/packages/d0/b4/cbcc42ca4b3d8778bf081b96e6e6288a437d82a4cc4e9b982bef40a88856/libusb_package-1.0.26.3-cp311-cp311-manylinux_2_17_i686.manylinux2014_i686.whl", hash = "sha256:4b0c206cd8a30565a0cede3ba426929e70a37e7b769e41a5ac7f00ca6737dc5d", size = 74537, upload-time = "2025-04-01T14:53:08.61Z" },
    { url = "https://files.pythonhosted.org/packages/c9/0f/fd203fb1fa5eda1d446f345d84205f23533767e6ef837a7c77a2599d5783/libusb_package-1.0.26.3-cp311-cp311-manylinux_2_17_x86_64.manylinux2014_x86_64.whl", hash = "sha256:80a2041331c087d5887969405837f86c8422120fe9ba3e6faa44bf4810f07b71", size = 70653, upload-time = "2025-04-01T14:53:09.576Z" },
    { url = "https://files.pythonhosted.org/packages/79/ef/dcc682cb4b29c4d4cdb23df65825c6276753184f6a7b4338c54a59a54c20/libusb_package-1.0.26.3-cp311-cp311-musllinux_1_2_aarch64.whl", hash = "sha256:48b536a1279ee0dbf70b898cffd16cd661774d2c8bbec8ff7178a5bc20196af3", size = 71859, upload-time = "2025-04-01T14:53:10.987Z" },
    { url = "https://files.pythonhosted.org/packages/62/4d/323d5ac4ba339362e4b148c291fbc6e7ee04c6395d5fec967b32432db5c5/libusb_package-1.0.26.3-cp311-cp311-musllinux_1_2_i686.whl", hash = "sha256:3f273e33ff1810242f81ea3a0286e25887d99d99019ba83e08be0d1ca456cc05", size = 76476, upload-time = "2025-04-01T14:53:12.019Z" },
    { url = "https://files.pythonhosted.org/packages/a3/3b/506db7f6cbe5dc2f38c14b272b8faf4d43e5559ac99d4dce1a41026ec925/libusb_package-1.0.26.3-cp311-cp311-musllinux_1_2_x86_64.whl", hash = "sha256:67476093601e1ea58a6130426795b906acd8d18d51c84e29a3a69548a5dfcf5d", size = 71037, upload-time = "2025-04-01T14:53:13.42Z" },
    { url = "https://files.pythonhosted.org/packages/3e/40/2538763c06e07bbbe0a5c8830779ef1ed1cea845264a91973bf31b9ecce5/libusb_package-1.0.26.3-cp311-cp311-win32.whl", hash = "sha256:8f3eed2852ee4f08847a221749a98d0f4f3962f8bed967e2253327db1171ba60", size = 77642, upload-time = "2025-04-01T12:58:03.106Z" },
    { url = "https://files.pythonhosted.org/packages/a4/46/0cd5ea91c5bbe6293c0936c96915051e31750f72e9556718af666af3fe45/libusb_package-1.0.26.3-cp311-cp311-win_amd64.whl", hash = "sha256:b48b5f5b17c7ac5e315e233f9ee801f730aac6183eb53a3226b01245d7bcfe00", size = 90592, upload-time = "2025-04-01T12:58:04.103Z" },
    { url = "https://files.pythonhosted.org/packages/2e/f6/83e13936b5799360eae8f0e31b5b298dd092451b91136d7cd13852777954/libusb_package-1.0.26.3-cp312-cp312-macosx_10_13_x86_64.whl", hash = "sha256:c9404298485762a4e73b416e8a3208d33aa3274fb9b870c2a1cacba7e2918f19", size = 62045, upload-time = "2025-04-01T12:59:16.817Z" },
    { url = "https://files.pythonhosted.org/packages/33/97/86ed73880b6734c9383be5f34061b541e8fe5bd0303580b1f5abe2962d58/libusb_package-1.0.26.3-cp312-cp312-macosx_11_0_arm64.whl", hash = "sha256:8126f6711318dad4cb2805ea20cd47b895a847207087d8fdb032e082dd7a2e24", size = 59502, upload-time = "2025-04-01T12:59:17.72Z" },
    { url = "https://files.pythonhosted.org/packages/95/f7/27b67b8fe63450abf0b0b66aacf75d5d64cdf30317e214409ceb534f34b4/libusb_package-1.0.26.3-cp312-cp312-manylinux_2_17_aarch64.manylinux2014_aarch64.whl", hash = "sha256:11c219366e4a2368117b9a9807261f3506b5623531f8b8ce41af5bbaec8156a0", size = 70247, upload-time = "2025-04-01T14:53:14.387Z" },
    { url = "https://files.pythonhosted.org/packages/8c/11/613543f9c6dab5a82eefd0c78d52d08b5d9eb93a0362151fbedf74b32541/libusb_package-1.0.26.3-cp312-cp312-manylinux_2_17_i686.manylinux2014_i686.whl", hash = "sha256:8809a50d8ab84297344c54e862027090c0d73b14abef843a8b5f783313f49457", size = 74537, upload-time = "2025-04-01T14:53:15.345Z" },
    { url = "https://files.pythonhosted.org/packages/f0/43/5a2331615693b56221a902869fb2094d9a0b9a764a8706c8ba16e915f77c/libusb_package-1.0.26.3-cp312-cp312-manylinux_2_17_x86_64.manylinux2014_x86_64.whl", hash = "sha256:a83067c3dfdbb3856badb4532eaea22e8502b52ce4245f5ab46acf93d7fbd471", size = 70652, upload-time = "2025-04-01T14:53:16.319Z" },
    { url = "https://files.pythonhosted.org/packages/44/1a/186d4ec86421b69feb45e214edb5301fbcb9e8dc9df963678aeff1a447d5/libusb_package-1.0.26.3-cp312-cp312-musllinux_1_2_aarch64.whl", hash = "sha256:b56be087ea9cde8e50fb02740a4f0cefb6f63c61ac2e7812a9244487614a3973", size = 71860, upload-time = "2025-04-01T14:53:17.87Z" },
    { url = "https://files.pythonhosted.org/packages/4b/3c/8cebdad822d7bfcb683a77d5fd113fbc6f72516cfb7c1c3a274fefafa8e9/libusb_package-1.0.26.3-cp312-cp312-musllinux_1_2_i686.whl", hash = "sha256:ea0f6bf40e54b1671e763e40c9dbed46bf7f596a4cd98b7c827e147f176d8c97", size = 76476, upload-time = "2025-04-01T14:53:19.202Z" },
    { url = "https://files.pythonhosted.org/packages/49/5f/30c625b6c4ecd14871644c1d16e97d7c971f82a0f87a9cfa81022f85bcfc/libusb_package-1.0.26.3-cp312-cp312-musllinux_1_2_x86_64.whl", hash = "sha256:b40f77df991c6db8621de9575504886eca03a00277e521a4d64b66cbef8f6997", size = 71037, upload-time = "2025-04-01T14:53:21.359Z" },
    { url = "https://files.pythonhosted.org/packages/7f/e9/3aa3ff3242867b7f22ee3ce28d0e93ff88547f170ca1b8a6edc59660d974/libusb_package-1.0.26.3-cp312-cp312-win32.whl", hash = "sha256:6eee99c9fde137443869c8604d0c01b2127a9545ebc59d06a3376cf1d891e786", size = 77642, upload-time = "2025-04-01T12:58:05.471Z" },
    { url = "https://files.pythonhosted.org/packages/15/0e/913ddb1849f828fc385438874c34541939d9b06c0e5616f48f24cddd24de/libusb_package-1.0.26.3-cp312-cp312-win_amd64.whl", hash = "sha256:5e09c0b6b3cd475841cffe78e46e91df58f0c6c02ea105ea1a4d0755a07c8006", size = 90593, upload-time = "2025-04-01T12:58:06.798Z" },
    { url = "https://files.pythonhosted.org/packages/b4/b8/23bc7f3f53b4a5b1027c721ec3eb42324ca1ec56355f0d0851307adc7c6c/libusb_package-1.0.26.3-cp313-cp313-macosx_10_13_x86_64.whl", hash = "sha256:04c4505e2ca68d3dc6938f116ff9bf82daffb06c1a97aba08293a84715a998da", size = 62045, upload-time = "2025-04-01T12:59:18.698Z" },
    { url = "https://files.pythonhosted.org/packages/a2/f8/e3be96d0604070488ddc5ce5af1976992e1f4a00e6441c94edf807f274d5/libusb_package-1.0.26.3-cp313-cp313-macosx_11_0_arm64.whl", hash = "sha256:4961cdb3c622aa9f858d3e4f99a58ce5e822a97c22abc77040fd806cb5fa4c66", size = 59502, upload-time = "2025-04-01T12:59:19.632Z" },
    { url = "https://files.pythonhosted.org/packages/24/d5/df1508df5e6776ac8a09a2858991df29bc96ea6a0d1f90240b1c4d59b45d/libusb_package-1.0.26.3-cp313-cp313-manylinux_2_17_aarch64.manylinux2014_aarch64.whl", hash = "sha256:16182670e0c23235521b447054c5a01600bd8f1eed3bb08eedbb0d9f8a43249f", size = 70247, upload-time = "2025-04-01T14:53:22.328Z" },
    { url = "https://files.pythonhosted.org/packages/65/01/4cc9eed12b9214c088cfa8055ece3b1db970404400be9d7e3dda68d198f2/libusb_package-1.0.26.3-cp313-cp313-manylinux_2_17_i686.manylinux2014_i686.whl", hash = "sha256:75ea57b2cc903d28ec1d4b909902df442cbf21949d80d5b3d8b9dac36ac45d1a", size = 74537, upload-time = "2025-04-01T14:53:23.306Z" },
    { url = "https://files.pythonhosted.org/packages/99/83/9eb317f706f588f4b6679bddb8abee3b115ce53dc3fa560cca59910f8807/libusb_package-1.0.26.3-cp313-cp313-manylinux_2_17_x86_64.manylinux2014_x86_64.whl", hash = "sha256:10d30b51b128ef5112fff73268b4696fea00b5676b3f39a5ee859bd76cb3ace5", size = 70651, upload-time = "2025-04-01T14:53:24.33Z" },
    { url = "https://files.pythonhosted.org/packages/22/49/85d3b307b4a20cf0150ab381e6e0385e5b78cb5dede8bade0a2d655d3fd3/libusb_package-1.0.26.3-cp313-cp313-musllinux_1_2_aarch64.whl", hash = "sha256:5c098dcfcfa8000cab42f33e19628c8fdb16111670db381048b2993651f2413b", size = 71860, upload-time = "2025-04-01T14:53:25.752Z" },
    { url = "https://files.pythonhosted.org/packages/da/7a/2271a5ae542d9036d9254415ae745d5c5d01a08d56d13054b2439bf9d392/libusb_package-1.0.26.3-cp313-cp313-musllinux_1_2_i686.whl", hash = "sha256:93169aeab0657255fe6c9f757cf408f559db13827a1d122fc89239994d7d51f1", size = 76477, upload-time = "2025-04-01T14:53:27.564Z" },
    { url = "https://files.pythonhosted.org/packages/5c/9d/d06d53994bb164564ec142ef631a4afa31e324994cf223f169ecca127f3a/libusb_package-1.0.26.3-cp313-cp313-musllinux_1_2_x86_64.whl", hash = "sha256:63257653ee1ee06aa836e942f4bb89a1d7a0c6ae3d6183647a9011e585ffa1e3", size = 71036, upload-time = "2025-04-01T14:53:29.011Z" },
    { url = "https://files.pythonhosted.org/packages/32/3d/97f775a1d582548b1eb2a42444c58813e5fd93d568fc3b9ace59f64df527/libusb_package-1.0.26.3-cp313-cp313-win32.whl", hash = "sha256:05db4cc801db2e6373a808725748a701509f9450fecf393fbebab61c45d50b50", size = 77642, upload-time = "2025-04-01T12:58:07.774Z" },
    { url = "https://files.pythonhosted.org/packages/f1/c4/d5234607697ca60593fbef88428a154317ac31f5c58ee23337b8a9360e91/libusb_package-1.0.26.3-cp313-cp313-win_amd64.whl", hash = "sha256:1cd4aec825dac2b4fa5d23b37f6d72e63a1127987e5a073dabeb7b73528623a3", size = 90593, upload-time = "2025-04-01T12:58:08.676Z" },
    { url = "https://files.pythonhosted.org/packages/9f/20/f5293a167b4e910badc64272131a8bb8dbd80f10dfd843eb07846aafaef2/libusb_package-1.0.26.3-pp310-pypy310_pp73-macosx_10_15_x86_64.whl", hash = "sha256:6a62bf7fa20fe704ed0413e74d620b37bdfe6b084478d23cc85b1f10708f2596", size = 62194, upload-time = "2025-04-01T12:59:26.137Z" },
    { url = "https://files.pythonhosted.org/packages/28/e5/1ceae06e6c965847d89be36de58908354c35faf641cd4c6071c9f06a7e9b/libusb_package-1.0.26.3-pp310-pypy310_pp73-macosx_11_0_arm64.whl", hash = "sha256:ab40d6b295bcfbe37f280268ea0d0a1ef4b1d795025fe41b3dda48e07eb0fc8e", size = 59506, upload-time = "2025-04-01T12:59:27.081Z" },
    { url = "https://files.pythonhosted.org/packages/6e/74/8afb1a05fda665abebac3bb44a7738f23437cac11081e44a929b51afee6a/libusb_package-1.0.26.3-pp310-pypy310_pp73-manylinux_2_17_aarch64.manylinux2014_aarch64.whl", hash = "sha256:2a125d72cca545950ae357aa6d7f0f33dfb39f16b895691cf3f8c9b772bc7e31", size = 70255, upload-time = "2025-04-01T14:53:48.956Z" },
    { url = "https://files.pythonhosted.org/packages/35/46/5e6be05f302e887055a277bbb5cc1db6be9af01319b35f1a9663211b075c/libusb_package-1.0.26.3-pp310-pypy310_pp73-manylinux_2_17_i686.manylinux2014_i686.whl", hash = "sha256:229d9f26af5828512828154d6bae4214ef5016a9401dd022477e06d0df5153e7", size = 74543, upload-time = "2025-04-01T14:53:49.979Z" },
    { url = "https://files.pythonhosted.org/packages/16/e4/51a81cc69ba4eefdd9a291cc5e6596a8f7d8c7f2378273917bf64465412d/libusb_package-1.0.26.3-pp310-pypy310_pp73-manylinux_2_17_x86_64.manylinux2014_x86_64.whl", hash = "sha256:3b8b862f190c244f29699d783f044e3d816fed84e39bca9a3c3731140f0b1b39", size = 70658, upload-time = "2025-04-01T14:53:51.132Z" },
    { url = "https://files.pythonhosted.org/packages/15/14/2c85379880d475f12ee74a27b02a2ffe435d863f8045fe80e5c246c30f23/libusb_package-1.0.26.3-pp310-pypy310_pp73-win_amd64.whl", hash = "sha256:fadaad1181784713948f9cbb7ad1cab8f2b307e784e2e162ed80ba5d2f745901", size = 90602, upload-time = "2025-04-01T12:58:16.828Z" },
]

[[package]]
name = "psutil"
version = "7.0.0"
source = { registry = "https://pypi.org/simple/" }
sdist = { url = "https://files.pythonhosted.org/packages/2a/80/336820c1ad9286a4ded7e845b2eccfcb27851ab8ac6abece774a6ff4d3de/psutil-7.0.0.tar.gz", hash = "sha256:7be9c3eba38beccb6495ea33afd982a44074b78f28c434a1f51cc07fd315c456", size = 497003, upload-time = "2025-02-13T21:54:07.946Z" }
wheels = [
    { url = "https://files.pythonhosted.org/packages/ed/e6/2d26234410f8b8abdbf891c9da62bee396583f713fb9f3325a4760875d22/psutil-7.0.0-cp36-abi3-macosx_10_9_x86_64.whl", hash = "sha256:101d71dc322e3cffd7cea0650b09b3d08b8e7c4109dd6809fe452dfd00e58b25", size = 238051, upload-time = "2025-02-13T21:54:12.36Z" },
    { url = "https://files.pythonhosted.org/packages/04/8b/30f930733afe425e3cbfc0e1468a30a18942350c1a8816acfade80c005c4/psutil-7.0.0-cp36-abi3-macosx_11_0_arm64.whl", hash = "sha256:39db632f6bb862eeccf56660871433e111b6ea58f2caea825571951d4b6aa3da", size = 239535, upload-time = "2025-02-13T21:54:16.07Z" },
    { url = "https://files.pythonhosted.org/packages/2a/ed/d362e84620dd22876b55389248e522338ed1bf134a5edd3b8231d7207f6d/psutil-7.0.0-cp36-abi3-manylinux_2_12_i686.manylinux2010_i686.manylinux_2_17_i686.manylinux2014_i686.whl", hash = "sha256:1fcee592b4c6f146991ca55919ea3d1f8926497a713ed7faaf8225e174581e91", size = 275004, upload-time = "2025-02-13T21:54:18.662Z" },
    { url = "https://files.pythonhosted.org/packages/bf/b9/b0eb3f3cbcb734d930fdf839431606844a825b23eaf9a6ab371edac8162c/psutil-7.0.0-cp36-abi3-manylinux_2_12_x86_64.manylinux2010_x86_64.manylinux_2_17_x86_64.manylinux2014_x86_64.whl", hash = "sha256:4b1388a4f6875d7e2aff5c4ca1cc16c545ed41dd8bb596cefea80111db353a34", size = 277986, upload-time = "2025-02-13T21:54:21.811Z" },
    { url = "https://files.pythonhosted.org/packages/eb/a2/709e0fe2f093556c17fbafda93ac032257242cabcc7ff3369e2cb76a97aa/psutil-7.0.0-cp36-abi3-manylinux_2_17_aarch64.manylinux2014_aarch64.whl", hash = "sha256:a5f098451abc2828f7dc6b58d44b532b22f2088f4999a937557b603ce72b1993", size = 279544, upload-time = "2025-02-13T21:54:24.68Z" },
    { url = "https://files.pythonhosted.org/packages/50/e6/eecf58810b9d12e6427369784efe814a1eec0f492084ce8eb8f4d89d6d61/psutil-7.0.0-cp37-abi3-win32.whl", hash = "sha256:ba3fcef7523064a6c9da440fc4d6bd07da93ac726b5733c29027d7dc95b39d99", size = 241053, upload-time = "2025-02-13T21:54:34.31Z" },
    { url = "https://files.pythonhosted.org/packages/50/1b/6921afe68c74868b4c9fa424dad3be35b095e16687989ebbb50ce4fceb7c/psutil-7.0.0-cp37-abi3-win_amd64.whl", hash = "sha256:4cf3d4eb1aa9b348dec30105c55cd9b7d4629285735a102beb4441e38db90553", size = 244885, upload-time = "2025-02-13T21:54:37.486Z" },
]

[[package]]
name = "pyserial"
version = "3.5"
source = { registry = "https://pypi.org/simple/" }
sdist = { url = "https://files.pythonhosted.org/packages/1e/7d/ae3f0a63f41e4d2f6cb66a5b57197850f919f59e558159a4dd3a818f5082/pyserial-3.5.tar.gz", hash = "sha256:3c77e014170dfffbd816e6ffc205e9842efb10be9f58ec16d3e8675b4925cddb", size = 159125, upload-time = "2020-11-23T03:59:15.045Z" }
wheels = [
    { url = "https://files.pythonhosted.org/packages/07/bc/587a445451b253b285629263eb51c2d8e9bcea4fc97826266d186f96f558/pyserial-3.5-py2.py3-none-any.whl", hash = "sha256:c4451db6ba391ca6ca299fb3ec7bae67a5c55dde170964c7a14ceefec02f2cf0", size = 90585, upload-time = "2020-11-23T03:59:13.41Z" },
]

[[package]]
name = "pyusb"
version = "1.3.1"
source = { registry = "https://pypi.org/simple/" }
sdist = { url = "https://files.pythonhosted.org/packages/00/6b/ce3727395e52b7b76dfcf0c665e37d223b680b9becc60710d4bc08b7b7cb/pyusb-1.3.1.tar.gz", hash = "sha256:3af070b607467c1c164f49d5b0caabe8ac78dbed9298d703a8dbf9df4052d17e", size = 77281, upload-time = "2025-01-08T23:45:01.866Z" }
wheels = [
    { url = "https://files.pythonhosted.org/packages/28/b8/27e6312e86408a44fe16bd28ee12dd98608b39f7e7e57884a24e8f29b573/pyusb-1.3.1-py3-none-any.whl", hash = "sha256:bf9b754557af4717fe80c2b07cc2b923a9151f5c08d17bdb5345dac09d6a0430", size = 58465, upload-time = "2025-01-08T23:45:00.029Z" },
]

[[package]]
name = "pyvicp"
version = "1.1.0"
source = { registry = "https://pypi.org/simple/" }
sdist = { url = "https://files.pythonhosted.org/packages/9e/a8/435c745cc104d5dc9cb9616f91460afa81ef61fb93f96e575355bc93e8be/pyvicp-1.1.0.tar.gz", hash = "sha256:0ceab011ee904a9b1cf9b7e017195ba36907180e9fbf390fe4a716c09d8310bb", size = 22847, upload-time = "2022-10-11T22:23:15.56Z" }
wheels = [
    { url = "https://files.pythonhosted.org/packages/f7/24/54cd0c7ae6558dd8b593a84a4a01e1b8cf809a2dbe55556017cabdc90ac0/pyvicp-1.1.0-py3-none-any.whl", hash = "sha256:9f97b316f3550841f81f924048f53a0fb4b04a6e9f5b2c862489ea8cca1e4601", size = 22080, upload-time = "2022-10-11T22:23:13.732Z" },
]

[[package]]
name = "pyvisa"
version = "1.15.0"
source = { registry = "https://pypi.org/simple/" }
dependencies = [
    { name = "typing-extensions" },
]
sdist = { url = "https://files.pythonhosted.org/packages/52/04/1833acfa4ddefc5cdcfd76607f1bf494e7b7b658d890626e23026655d599/pyvisa-1.15.0.tar.gz", hash = "sha256:cec3cb91703a2849f6faa42b1ecd7689a0175baabff8ca33fce9f45934ce45e6", size = 236289, upload-time = "2025-04-01T15:52:25.377Z" }
wheels = [
    { url = "https://files.pythonhosted.org/packages/a1/12/4979772f36acceb57664bde282fc7bd3e67f8d0ce85f2a521a05e90baaa5/pyvisa-1.15.0-py3-none-any.whl", hash = "sha256:e3ac8d9e863fbdbbe7e6d4d91401bceb7914d1c4a558a89b2cc755789f1e8309", size = 179199, upload-time = "2025-04-01T15:52:23.631Z" },
]

[[package]]
name = "pyvisa-py"
source = { editable = "." }
dependencies = [
    { name = "pyvisa" },
    { name = "typing-extensions" },
]

[package.optional-dependencies]
gpib-ctypes = [
    { name = "gpib-ctypes" },
]
hislip-discovery = [
    { name = "zeroconf" },
]
psutil = [
    { name = "psutil" },
]
serial = [
    { name = "pyserial" },
]
usb = [
    { name = "pyusb" },
]
usb-full = [
    { name = "libusb-package" },
    { name = "pyusb" },
]
vicp = [
    { name = "pyvicp" },
    { name = "zeroconf" },
]

[package.metadata]
requires-dist = [
    { name = "gpib-ctypes", marker = "extra == 'gpib-ctypes'", specifier = ">=0.3.0" },
    { name = "libusb-package", marker = "extra == 'usb-full'" },
    { name = "psutil", marker = "extra == 'psutil'" },
    { name = "pyserial", marker = "extra == 'serial'", specifier = ">=3.0" },
    { name = "pyusb", marker = "extra == 'usb'" },
    { name = "pyusb", marker = "extra == 'usb-full'" },
    { name = "pyvicp", marker = "extra == 'vicp'" },
    { name = "pyvisa", specifier = ">=1.15.0" },
    { name = "typing-extensions" },
    { name = "zeroconf", marker = "extra == 'hislip-discovery'" },
    { name = "zeroconf", marker = "extra == 'vicp'" },
]
provides-extras = ["gpib-ctypes", "serial", "usb", "usb-full", "psutil", "hislip-discovery", "vicp"]

[[package]]
name = "typing-extensions"
version = "4.14.1"
source = { registry = "https://pypi.org/simple/" }
sdist = { url = "https://files.pythonhosted.org/packages/98/5a/da40306b885cc8c09109dc2e1abd358d5684b1425678151cdaed4731c822/typing_extensions-4.14.1.tar.gz", hash = "sha256:38b39f4aeeab64884ce9f74c94263ef78f3c22467c8724005483154c26648d36", size = 107673, upload-time = "2025-07-04T13:28:34.16Z" }
wheels = [
    { url = "https://files.pythonhosted.org/packages/b5/00/d631e67a838026495268c2f6884f3711a15a9a2a96cd244fdaea53b823fb/typing_extensions-4.14.1-py3-none-any.whl", hash = "sha256:d1e1e3b58374dc93031d6eda2420a48ea44a36c2b4766a4fdeb3710755731d76", size = 43906, upload-time = "2025-07-04T13:28:32.743Z" },
]

[[package]]
name = "zeroconf"
version = "0.147.0"
source = { registry = "https://pypi.org/simple/" }
dependencies = [
    { name = "ifaddr" },
]
sdist = { url = "https://files.pythonhosted.org/packages/e2/78/f681afade2a4e7a9ade696cf3d3dcd9905e28720d74c16cafb83b5dd5c0a/zeroconf-0.147.0.tar.gz", hash = "sha256:f517375de6bf2041df826130da41dc7a3e8772176d3076a5da58854c7d2e8d7a", size = 163958, upload-time = "2025-05-03T16:24:54.207Z" }
wheels = [
    { url = "https://files.pythonhosted.org/packages/0d/a2/eca16ae55b22e76c819950917ce523a87e4fb77e9e915bb0188fd3e47b3f/zeroconf-0.147.0-cp310-cp310-macosx_10_9_x86_64.whl", hash = "sha256:de0e1439c90df08fbb59d07445904aa9cb0ed3c548bb2f89a8a7bb3fa50071cd", size = 1837544, upload-time = "2025-05-03T16:58:09.796Z" },
    { url = "https://files.pythonhosted.org/packages/83/d6/080c8059b1b624c6654ef6373b620118c41fae935d76ac7b10582a2b41e2/zeroconf-0.147.0-cp310-cp310-macosx_11_0_arm64.whl", hash = "sha256:a2b8776e5e3ba7f19578a6baffa231f148390156a231eb17924c30e192ec9b00", size = 1697541, upload-time = "2025-05-03T16:58:11.344Z" },
    { url = "https://files.pythonhosted.org/packages/c0/66/0fd2a20271b3dd6f0013b22ec72375fd0b088e7e4bec4da1e0e3cfd3fb0d/zeroconf-0.147.0-cp310-cp310-manylinux_2_17_aarch64.manylinux2014_aarch64.whl", hash = "sha256:7a80cf348e8a1c597a427b500cf5327adf1a1402b010c84ba78b39ea7d3d7598", size = 2249406, upload-time = "2025-05-03T16:58:13.366Z" },
    { url = "https://files.pythonhosted.org/packages/db/a3/3aa509c8e844f8d35e73a4aa2cd6578fa2ba2ee2355f2e547a598fda4bf7/zeroconf-0.147.0-cp310-cp310-manylinux_2_17_i686.manylinux_2_5_i686.manylinux1_i686.manylinux2014_i686.whl", hash = "sha256:8014da8e9d1efa04df8091c60bc8e23a25d6374b2f99f2ba515ca8d7d6d9b271", size = 2420345, upload-time = "2025-05-03T16:58:15.179Z" },
    { url = "https://files.pythonhosted.org/packages/d1/fa/32e8522efe13053dabb61ea6f42e9b7de362c8cd4cc16b6c3a8d80220ef4/zeroconf-0.147.0-cp310-cp310-manylinux_2_17_x86_64.manylinux2014_x86_64.whl", hash = "sha256:9a6c359af0ff3ac50812c9bdbeb006279bb4c401d721f1f22651522f73237295", size = 2369104, upload-time = "2025-05-03T16:58:17.131Z" },
    { url = "https://files.pythonhosted.org/packages/c5/42/629a1f7819e3ad474ca25c5d85b5da1e6bbd6ca2d5b3c96c2556a1802beb/zeroconf-0.147.0-cp310-cp310-manylinux_2_31_armv7l.manylinux_2_17_armv7l.manylinux2014_armv7l.whl", hash = "sha256:8d6e3d598bff4c07b61e7be89a56aa75ef3e2e2a6622881b76a0d06ef527fc39", size = 2154137, upload-time = "2025-05-03T16:58:18.703Z" },
    { url = "https://files.pythonhosted.org/packages/4b/34/23f00b3b9ed879c946c838d39bf340ab79c62bbc60b67e286ab9ee30d0f2/zeroconf-0.147.0-cp310-cp310-musllinux_1_2_aarch64.whl", hash = "sha256:ecb83e1b27eb8a9f14bc5458b4f87594d24d5f206dbaefae93021a702a311905", size = 2384547, upload-time = "2025-05-03T16:58:20.469Z" },
    { url = "https://files.pythonhosted.org/packages/4e/16/8a8a425a929809e5077fa6bfb02ffc99c504714af232616dd9d15f191c52/zeroconf-0.147.0-cp310-cp310-musllinux_1_2_armv7l.whl", hash = "sha256:f8cb0b47eb18f2340505f5106adc2dc698a131785c6e0e6ca56f9f5c09ef6469", size = 2181289, upload-time = "2025-05-03T16:58:22.175Z" },
    { url = "https://files.pythonhosted.org/packages/c3/fa/b3ab8ce519ec62b8e083942c4a7a3b6a29c9696bc34cc711af8fe542ef9b/zeroconf-0.147.0-cp310-cp310-musllinux_1_2_i686.whl", hash = "sha256:7204d4d41ef95021acc3ff7a7d3266558ea2032a167a3591c4fb570cc64b522c", size = 2571559, upload-time = "2025-05-03T16:58:23.665Z" },
    { url = "https://files.pythonhosted.org/packages/42/c3/6aba15defcee211aa4ab6d2f29920ee2b377fa3495f4366047fec05073fa/zeroconf-0.147.0-cp310-cp310-musllinux_1_2_x86_64.whl", hash = "sha256:a37e54a991e9e7203650f7884a44097616bed9c050f19db50316abda409ab208", size = 2524876, upload-time = "2025-05-03T16:58:25.311Z" },
    { url = "https://files.pythonhosted.org/packages/84/49/52a0817d08c3ca8dcffc7e98e99d4931e5086139f79d002ff23c2f81f64a/zeroconf-0.147.0-cp310-cp310-win32.whl", hash = "sha256:df1dfdf49fcff8bacc7d490eeafeb3d74aea5588f78a459b76994b7acf3fe513", size = 1431122, upload-time = "2025-05-03T16:58:27.319Z" },
    { url = "https://files.pythonhosted.org/packages/2d/30/46d073e5e17f2e27f7a19809359df9bda19d713d1aac3e3ee1f5d5d77a8d/zeroconf-0.147.0-cp310-cp310-win_amd64.whl", hash = "sha256:1f0d3c119e77ec960d03ad5b92e651e5cc8c49d5521cbd58a561f8db709c79cc", size = 1660340, upload-time = "2025-05-03T16:58:29.363Z" },
    { url = "https://files.pythonhosted.org/packages/3c/d8/15819dc7c1f9fdd02d72ebf5fec5e8575abae7de9c3887d37adc25de9b38/zeroconf-0.147.0-cp311-cp311-macosx_10_9_x86_64.whl", hash = "sha256:2f36096616f89f3aec678613316014e3a35e293c3c2e26466695d91688c49a34", size = 1841597, upload-time = "2025-05-03T16:58:31.018Z" },
    { url = "https://files.pythonhosted.org/packages/19/78/d7033a7eb2b0e7b875e5578d22de52b4553d5ce49deca1b1a316f97c8ee1/zeroconf-0.147.0-cp311-cp311-macosx_11_0_arm64.whl", hash = "sha256:abb3f45ce14fdbcf70d2cb711714553e20e704cc2d86988125936d853f01c132", size = 1699441, upload-time = "2025-05-03T16:58:32.566Z" },
    { url = "https://files.pythonhosted.org/packages/22/53/c0883d7342ba30c1a5c4cce17afc7b41e703771f14516c95328f7e800d2a/zeroconf-0.147.0-cp311-cp311-manylinux_2_17_aarch64.manylinux2014_aarch64.whl", hash = "sha256:6f511b32c1693f5f76acea9ce7add629ed62071f001929d818bea09aaa2c2969", size = 2245810, upload-time = "2025-05-03T16:58:34.128Z" },
    { url = "https://files.pythonhosted.org/packages/15/e9/b12823125c41f20056c83a541554b26d65ab5f2ede684232f1c0f05ad26b/zeroconf-0.147.0-cp311-cp311-manylinux_2_17_i686.manylinux_2_5_i686.manylinux1_i686.manylinux2014_i686.whl", hash = "sha256:6269129298004531b0b809a32bfe82865e8641f7940647c33a0b9c9e36012187", size = 2410474, upload-time = "2025-05-03T16:58:35.749Z" },
    { url = "https://files.pythonhosted.org/packages/cc/fd/90d3b23d4477176ec6c95c2bdbe795aeeb1659ab026321e577b1ab0ba1ee/zeroconf-0.147.0-cp311-cp311-manylinux_2_17_x86_64.manylinux2014_x86_64.whl", hash = "sha256:ed2b6369a50e4a27667a6c80011ff276d63d205f8ccf5771f9fceddb0c9ce6b4", size = 2356775, upload-time = "2025-05-03T16:58:37.802Z" },
    { url = "https://files.pythonhosted.org/packages/b5/0a/7c0762c416dcaf80023febce9a1692694056a4f43aed93a939647a1c0991/zeroconf-0.147.0-cp311-cp311-manylinux_2_31_armv7l.manylinux_2_17_armv7l.manylinux2014_armv7l.whl", hash = "sha256:02205731db993193034b0f5cc5108e2cf2c580e445ff401be05ea80aeb762c7c", size = 2146315, upload-time = "2025-05-03T16:58:39.849Z" },
    { url = "https://files.pythonhosted.org/packages/83/e0/159a36eef4cc5c63b34fc1af7af4f1cfae94155f0447507555cee0879af7/zeroconf-0.147.0-cp311-cp311-musllinux_1_2_aarch64.whl", hash = "sha256:5bd0984a2f457d399e414622941cce30bb52bd9bcbfc0594a266ed724a030469", size = 2386446, upload-time = "2025-05-03T16:58:41.635Z" },
    { url = "https://files.pythonhosted.org/packages/ab/16/307a43f141f4da6f9f505412e6cfdc9ca8dbe5653ae87a2537b906047c3b/zeroconf-0.147.0-cp311-cp311-musllinux_1_2_armv7l.whl", hash = "sha256:e4a1ccbbbeb3c5e1867f38aee18647245069ca01572f6e9188d549f294f2ac77", size = 2180777, upload-time = "2025-05-03T16:58:43.728Z" },
    { url = "https://files.pythonhosted.org/packages/07/47/4e12c0e215f10d507c9e6fc2a33b905fd1fa6341d382fe398ab05123bbd5/zeroconf-0.147.0-cp311-cp311-musllinux_1_2_i686.whl", hash = "sha256:9f2b7f930407403f9813525537a78613510d9c394a11328cafb8bb46f060d89e", size = 2564745, upload-time = "2025-05-03T16:58:45.339Z" },
    { url = "https://files.pythonhosted.org/packages/4a/f6/5b9e7946603ed4f5b542b182534d39ff2099d6f03f4a951dd9493a823627/zeroconf-0.147.0-cp311-cp311-musllinux_1_2_x86_64.whl", hash = "sha256:f7b6ee515a76bb983b26590eda099d57fede043f3b753427ff9dc4e1c7405395", size = 2532320, upload-time = "2025-05-03T16:58:47.077Z" },
    { url = "https://files.pythonhosted.org/packages/59/bf/ae9739c035273f0e04c51a806d1ae0113df24e08791be39e7408e7a7d10c/zeroconf-0.147.0-cp311-cp311-win32.whl", hash = "sha256:3dec7640d85362d70a2e4c89e34e0c865f41c00073378597afdac0a2e146b061", size = 1427811, upload-time = "2025-05-03T16:58:49.347Z" },
    { url = "https://files.pythonhosted.org/packages/d7/f1/43bc2388d8e7e342e115625be928d731a84e66aef42bbcb9c484b5776d8b/zeroconf-0.147.0-cp311-cp311-win_amd64.whl", hash = "sha256:5c8962eb8c829fd22bbda2ec23443e6e14e6f44adf2a823da0f074a941d8b8e7", size = 1663520, upload-time = "2025-05-03T16:58:51.416Z" },
    { url = "https://files.pythonhosted.org/packages/28/72/551e19b1066a930b4e2d7114c9ba8217be46b17d46b95b7b256842d4bfb9/zeroconf-0.147.0-cp312-cp312-macosx_10_13_x86_64.whl", hash = "sha256:89542174ec4f1e86ba428cab19a33c77378dcac0ee37577df8859af849cf736e", size = 1863387, upload-time = "2025-05-03T16:58:53.088Z" },
    { url = "https://files.pythonhosted.org/packages/1c/3a/8cb2ce2022417b20f3d63a4411d21d21d1a01366d89f0cd451c0f42d775f/zeroconf-0.147.0-cp312-cp312-macosx_11_0_arm64.whl", hash = "sha256:0086b8c280fc3410fa887a0da68cc6dc5a7d1da8a57157f6c7e4acb029674ce9", size = 1717362, upload-time = "2025-05-03T16:58:54.766Z" },
    { url = "https://files.pythonhosted.org/packages/fd/33/6c52100705bc118b77d1516499f737074a9da7965f268243234d21fa872b/zeroconf-0.147.0-cp312-cp312-manylinux_2_17_aarch64.manylinux2014_aarch64.whl", hash = "sha256:04018f48c38fa174af8e2c6cd00e6fb8a9a7269a187ba1f52cf32c14f2ddd941", size = 2155929, upload-time = "2025-05-03T16:58:56.456Z" },
    { url = "https://files.pythonhosted.org/packages/67/ca/d6cc026655f8bc894c0f03c153f10f4c2cd091d088c13a3cafaea771cd1e/zeroconf-0.147.0-cp312-cp312-manylinux_2_17_i686.manylinux_2_5_i686.manylinux1_i686.manylinux2014_i686.whl", hash = "sha256:71a5690ad94a8b5809bb3888e3c30de943458b9fb751730fa9a60e580d1b47ca", size = 2327718, upload-time = "2025-05-03T16:58:58.224Z" },
    { url = "https://files.pythonhosted.org/packages/fa/11/6499c380e8e7f8d24586ed8fc6339079541b4ac244a39fe2b65558140917/zeroconf-0.147.0-cp312-cp312-manylinux_2_17_x86_64.manylinux2014_x86_64.whl", hash = "sha256:34b5f1f472eadd090232af6b52c16c417359d9541e7bb31afbde3a0e33e55594", size = 2270324, upload-time = "2025-05-03T16:59:00.356Z" },
    { url = "https://files.pythonhosted.org/packages/c0/99/28c0ec3b2a47b6e7c65ea50213ac4d3851554fe7f2bd520d0bbc9a8ea5c5/zeroconf-0.147.0-cp312-cp312-manylinux_2_31_armv7l.manylinux_2_17_armv7l.manylinux2014_armv7l.whl", hash = "sha256:213b9ebdb5876d7b30515e2850d250625ac1a5c54b022a0fb407ea25af39251f", size = 2109142, upload-time = "2025-05-03T16:59:02.145Z" },
    { url = "https://files.pythonhosted.org/packages/2c/a6/96207513fe3e69adcd6694fe58f3802903f0fdcc2473bd709b4f96bceea3/zeroconf-0.147.0-cp312-cp312-musllinux_1_2_aarch64.whl", hash = "sha256:10e75e41160f376b7b43a242ffeee5803878fd31d30991eb60cd1d0949373d51", size = 2298105, upload-time = "2025-05-03T16:59:05.395Z" },
    { url = "https://files.pythonhosted.org/packages/d9/30/0068cfd5189fd149507e62ee44e4e10adb2ed4f5cc23084a737f479da8e7/zeroconf-0.147.0-cp312-cp312-musllinux_1_2_armv7l.whl", hash = "sha256:d7b488d1a74bac55080a9cadb6b8690f0aefa89ae8130485557bc53ba866d445", size = 2158683, upload-time = "2025-05-03T16:59:07.53Z" },
    { url = "https://files.pythonhosted.org/packages/60/ea/60d3fb09d15ae60ebddc489eeba1e3af85642242744db0504599403c0668/zeroconf-0.147.0-cp312-cp312-musllinux_1_2_i686.whl", hash = "sha256:a3f6d9c6c226a7fd6669584dfcb8160a60b8711f00229a8d7347451447b220e2", size = 2500325, upload-time = "2025-05-03T16:59:10.369Z" },
    { url = "https://files.pythonhosted.org/packages/d0/91/1505222cdb1164a34412c372a88eeee30933fd24f73e5113d7496c551136/zeroconf-0.147.0-cp312-cp312-musllinux_1_2_x86_64.whl", hash = "sha256:137d83815347e0ede605f9d7a0d5253f95d62a9872f291a123679c4a01e016bb", size = 2465882, upload-time = "2025-05-03T16:59:12.166Z" },
    { url = "https://files.pythonhosted.org/packages/e8/26/ad45cfdb58c5b56750101a660d4e3f3b30562b17cff1be8d801190c35095/zeroconf-0.147.0-cp312-cp312-win32.whl", hash = "sha256:1ae71afd284f07d9a46acf69674efef283c039f5e326250c29578e0605f7dac6", size = 1431330, upload-time = "2025-05-03T16:59:13.947Z" },
    { url = "https://files.pythonhosted.org/packages/ac/4d/e287db04c2c95cdf3a9e99a897a54ab798e010ce14dff710c5f745e996c3/zeroconf-0.147.0-cp312-cp312-win_amd64.whl", hash = "sha256:e66b2044a626f20bc4ddab92de662b4f4bce8e4f1e85672d88186c9e776505a1", size = 1660798, upload-time = "2025-05-03T16:59:15.653Z" },
    { url = "https://files.pythonhosted.org/packages/ad/83/c6ee14c962b79f616f8f987a52244e877647db3846007fc167f481a81b7d/zeroconf-0.147.0-cp313-cp313-macosx_10_13_x86_64.whl", hash = "sha256:1deedbedea7402754b3a1a05a2a1c881443451ccd600b2a7f979e97dd9fcbe6d", size = 1841229, upload-time = "2025-05-03T16:59:17.783Z" },
    { url = "https://files.pythonhosted.org/packages/91/c0/42c08a8b2c5b6052d48a5517a5d05076b8ee2c0a458ea9bd5e0e2be38c01/zeroconf-0.147.0-cp313-cp313-macosx_11_0_arm64.whl", hash = "sha256:5c57d551e65a2a9b6333b685e3b074601f6e85762e4b4a490c663f1f2e215b24", size = 1697806, upload-time = "2025-05-03T16:59:20.083Z" },
    { url = "https://files.pythonhosted.org/packages/bf/79/d9b440786d62626f2ca4bd692b6c2bbd1e70e1124c56321bac6a2212a5eb/zeroconf-0.147.0-cp313-cp313-manylinux_2_17_aarch64.manylinux2014_aarch64.whl", hash = "sha256:095bdb0cd369355ff919e3be930991b38557baaa8292d82f4a4a8567a3944f05", size = 2141482, upload-time = "2025-05-03T16:59:22.067Z" },
    { url = "https://files.pythonhosted.org/packages/48/12/ab7d31620892a7f4d446a3f0261ddb1198318348c039b4a5ec7d9d09579c/zeroconf-0.147.0-cp313-cp313-manylinux_2_17_i686.manylinux_2_5_i686.manylinux1_i686.manylinux2014_i686.whl", hash = "sha256:8ae0fe0bb947b3a128af586c76a16b5a7d027daa65e67637b042c745f9b136c4", size = 2315614, upload-time = "2025-05-03T16:59:24.091Z" },
    { url = "https://files.pythonhosted.org/packages/7b/48/2de072ee42e36328e1d80408b70eddf3df0a5b9640db188caa363b3e120f/zeroconf-0.147.0-cp313-cp313-manylinux_2_17_x86_64.manylinux2014_x86_64.whl", hash = "sha256:6cbeea4d8d0c4f6eb5a82099d53f5729b628685039a44c1a84422080f8ec5b0d", size = 2259809, upload-time = "2025-05-03T16:59:25.976Z" },
    { url = "https://files.pythonhosted.org/packages/02/ec/3344b1ed4e60b36dd73cb66c36299c83a356e853e728c68314061498e9cd/zeroconf-0.147.0-cp313-cp313-manylinux_2_31_armv7l.manylinux_2_17_armv7l.manylinux2014_armv7l.whl", hash = "sha256:728f82417800c5c5dd3298f65cf7a8fef1707123b457d3832dbdf17d38f68840", size = 2096364, upload-time = "2025-05-03T16:59:27.786Z" },
    { url = "https://files.pythonhosted.org/packages/cd/30/5f34363e2d3c25a78fc925edcc5d45d332296a756d698ccfc060bba8a7aa/zeroconf-0.147.0-cp313-cp313-manylinux_2_36_x86_64.whl", hash = "sha256:a2dc9ae96cd49b50d651a78204aafe9f41e907122dc98e719be5376b4dddec6f", size = 2307868, upload-time = "2025-05-03T16:24:52.178Z" },
    { url = "https://files.pythonhosted.org/packages/1b/a8/9b4242ae78bd271520e019faf47d8a2b36242b3b1a7fd47ee7510d380734/zeroconf-0.147.0-cp313-cp313-musllinux_1_2_aarch64.whl", hash = "sha256:e9570ab3203cc4bd3ad023737ef4339558cdf1f33a5d45d76ed3fe77e5fa5f57", size = 2295063, upload-time = "2025-05-03T16:59:29.695Z" },
    { url = "https://files.pythonhosted.org/packages/9d/e6/b63e4e09d71e94bfe0d30c6fc80b0e67e3845eb630bcfb056626db070776/zeroconf-0.147.0-cp313-cp313-musllinux_1_2_armv7l.whl", hash = "sha256:fd783d9bac258e79d07e2bd164c1962b8f248579392b5078fd607e7bb6760b53", size = 2152284, upload-time = "2025-05-03T16:59:31.598Z" },
    { url = "https://files.pythonhosted.org/packages/72/12/42b990cb7ad997eb9f9fff15c61abff022adc44f5d1e96bd712ed6cd85ab/zeroconf-0.147.0-cp313-cp313-musllinux_1_2_i686.whl", hash = "sha256:b4acc76063cc379774db407dce0263616518bb5135057eb5eeafc447b3c05a81", size = 2498559, upload-time = "2025-05-03T16:59:33.444Z" },
    { url = "https://files.pythonhosted.org/packages/99/f9/080619bfcfc353deeb8cf7e813eaf73e8e28ff9a8ca7b97b9f0ecbf4d1d6/zeroconf-0.147.0-cp313-cp313-musllinux_1_2_x86_64.whl", hash = "sha256:acc5334cb6cb98db3917bf9a3d6b6b7fdd205f8a74fd6f4b885abb4f61098857", size = 2456548, upload-time = "2025-05-03T16:59:35.721Z" },
    { url = "https://files.pythonhosted.org/packages/35/b6/a25b703f418200edd6932d56bbd32cbd087b828579cf223348fa778fb1ff/zeroconf-0.147.0-cp313-cp313-win32.whl", hash = "sha256:7c52c523aa756e67bf18d46db298a5964291f7d868b4a970163432e7d745b992", size = 1427188, upload-time = "2025-05-03T16:59:38.756Z" },
    { url = "https://files.pythonhosted.org/packages/a0/e1/ba463435cdb0b38088eae56d508ec6128b9012f58cedab145b1b77e51316/zeroconf-0.147.0-cp313-cp313-win_amd64.whl", hash = "sha256:60f623af0e45fba69f5fe80d7b300c913afe7928fb43f4b9757f0f76f80f0d82", size = 1655531, upload-time = "2025-05-03T16:59:40.65Z" },
    { url = "https://files.pythonhosted.org/packages/5c/eb/3980391d7b9ddaabd4cbc8bc1f0139420b2f62d7aa7ad510369fbafcf487/zeroconf-0.147.0-pp310-pypy310_pp73-macosx_10_15_x86_64.whl", hash = "sha256:8a2ceada07a6e89d7000e19826598a2fe013192e7a752637c1232cbc6041f434", size = 1642469, upload-time = "2025-05-03T17:00:07.602Z" },
    { url = "https://files.pythonhosted.org/packages/50/21/21b8287721e149cce3c8eb771f22d07841a63aa36274bc32634128ba37f7/zeroconf-0.147.0-pp310-pypy310_pp73-macosx_11_0_arm64.whl", hash = "sha256:60b548b8b58f4f7435f96e4a8bed0ffedc6023ebd9e30872d3e71e3f5d8bd8e3", size = 1542184, upload-time = "2025-05-03T17:00:09.717Z" },
    { url = "https://files.pythonhosted.org/packages/ba/9d/0fd01c963b9936407cb2ac9223ff2b18c29ea0835eb094297194fd483b7b/zeroconf-0.147.0-pp310-pypy310_pp73-manylinux_2_17_aarch64.manylinux2014_aarch64.whl", hash = "sha256:b7edafeb07c88398d6c2f01ce6810c566199d5d50c9da7ac93e9f0da1d34b7c8", size = 1984448, upload-time = "2025-05-03T17:00:12.341Z" },
    { url = "https://files.pythonhosted.org/packages/c9/83/1d93f618598692054d8703b7bcd8c0867d5345051df881d1125954d1c388/zeroconf-0.147.0-pp310-pypy310_pp73-manylinux_2_17_i686.manylinux_2_5_i686.manylinux1_i686.manylinux2014_i686.whl", hash = "sha256:b39f83ff516ad764bda67ad242ef85481d1653d85bd4bc98cc62070bb086789c", size = 2106403, upload-time = "2025-05-03T17:00:14.57Z" },
    { url = "https://files.pythonhosted.org/packages/8a/8f/615ed826da6cae2815de54fd81ea848ab437a6dc2ccc70dbe650196f1c68/zeroconf-0.147.0-pp310-pypy310_pp73-manylinux_2_17_x86_64.manylinux2014_x86_64.whl", hash = "sha256:abe4c6da969c64419e30ca83368475d97ae57421edb2ec86e5c2baa8f659bad5", size = 2077468, upload-time = "2025-05-03T17:00:16.711Z" },
    { url = "https://files.pythonhosted.org/packages/a2/72/c81d21d97746d4e615d84e36022b7d8e78b1371b9151df044aad176227cd/zeroconf-0.147.0-pp310-pypy310_pp73-win_amd64.whl", hash = "sha256:8ec79d8693874f0dda108be48f56bdd343ddb9a469d629a796f853ba0865f07e", size = 1548427, upload-time = "2025-05-03T17:00:20.431Z" },
    { url = "https://files.pythonhosted.org/packages/1a/90/a11ada56c3ae0b8c9377b2309c8cb24a5027aa87b45da654ec057f1ade38/zeroconf-0.147.0-pp311-pypy311_pp73-macosx_10_15_x86_64.whl", hash = "sha256:b89c62ea0220235da8b353958ea8340d62ed820dca34be0ff08146674a93168b", size = 1645736, upload-time = "2025-05-03T17:00:22.533Z" },
    { url = "https://files.pythonhosted.org/packages/08/2a/be74419b6b42a8782c45a68c2516c1757dd71266d04f035843f89e135d27/zeroconf-0.147.0-pp311-pypy311_pp73-macosx_11_0_arm64.whl", hash = "sha256:f4fd6848de32756ec34531ea9b3cf1988c9115b7d8363687d3ffaa2cdba244d4", size = 1543083, upload-time = "2025-05-03T17:00:25.113Z" },
    { url = "https://files.pythonhosted.org/packages/95/d3/d8b6d896c93c0d9f713368db6dddaf89902446150da544e65d3acb77c5bb/zeroconf-0.147.0-pp311-pypy311_pp73-manylinux_2_17_aarch64.manylinux2014_aarch64.whl", hash = "sha256:c0f51b5e363c137291a56688898fe284c5f99f52b7f8a1528ebe9d81e8daeecf", size = 1982849, upload-time = "2025-05-03T17:00:27.153Z" },
    { url = "https://files.pythonhosted.org/packages/20/97/d6c75b9fae6687bc02ba09f502974951adedb1e943f4dfe0917f1440c40c/zeroconf-0.147.0-pp311-pypy311_pp73-manylinux_2_17_i686.manylinux_2_5_i686.manylinux1_i686.manylinux2014_i686.whl", hash = "sha256:de84c8e09a49009ff44fb1146bfd2380545cde2a9f5ebfa7038afc578b187b2a", size = 2103537, upload-time = "2025-05-03T17:00:29.325Z" },
    { url = "https://files.pythonhosted.org/packages/7a/ab/9bf900cdad74f53a991b9d2f83f0a63e0e5d8d31e9113900e287c06275f1/zeroconf-0.147.0-pp311-pypy311_pp73-manylinux_2_17_x86_64.manylinux2014_x86_64.whl", hash = "sha256:81ea55950ace20a93ce1ef684b111498cb212e06cc190a311a572d42a49809fc", size = 2075789, upload-time = "2025-05-03T17:00:31.444Z" },
    { url = "https://files.pythonhosted.org/packages/09/43/12d772ed4bda07475bab206c881a0f16069578b6001eb030c894493d06f5/zeroconf-0.147.0-pp311-pypy311_pp73-win_amd64.whl", hash = "sha256:f0e1e1abe27ab81bbaaac2e4d94f9e817e64128ab03ba5909462d1f4cc560bc5", size = 1549139, upload-time = "2025-05-03T17:00:33.578Z" },
]
